
Microsoft Visual Studio Solution File, Format Version 12.00
# Visual Studio Version 17
VisualStudioVersion = 17.9.34607.119
MinimumVisualStudioVersion = 10.0.40219.1
Project("{9A19103F-16F7-4668-BE54-9A1E7A4F7556}") = "BlazorSignalR", "BlazorSignalR\BlazorSignalR.csproj", "{DD20585E-EBBE-4B47-8013-B67299B955C0}"
EndProject
Project("{9A19103F-16F7-4668-BE54-9A1E7A4F7556}") = "ClientSignalR", "ClientSignalR\ClientSignalR.csproj", "{C6BD479A-A446-4395-A398-9D3AFF56937C}"
EndProject
Project("{9A19103F-16F7-4668-BE54-9A1E7A4F7556}") = "Shared", "Shared\Shared.csproj", "{32577BD9-F29F-43DB-9FC5-8DD033782C52}"
EndProject
Global
	GlobalSection(SolutionConfigurationPlatforms) = preSolution
		Debug|Any CPU = Debug|Any CPU
		Release|Any CPU = Release|Any CPU
	EndGlobalSection
	GlobalSection(ProjectConfigurationPlatforms) = postSolution
		{DD20585E-EBBE-4B47-8013-B67299B955C0}.Debug|Any CPU.ActiveCfg = Debug|Any CPU
		{DD20585E-EBBE-4B47-8013-B67299B955C0}.Debug|Any CPU.Build.0 = Debug|Any CPU
		{DD20585E-EBBE-4B47-8013-B67299B955C0}.Release|Any CPU.ActiveCfg = Release|Any CPU
		{DD20585E-EBBE-4B47-8013-B67299B955C0}.Release|Any CPU.Build.0 = Release|Any CPU
		{C6BD479A-A446-4395-A398-9D3AFF56937C}.Debug|Any CPU.ActiveCfg = Debug|Any CPU
		{C6BD479A-A446-4395-A398-9D3AFF56937C}.Debug|Any CPU.Build.0 = Debug|Any CPU
		{C6BD479A-A446-4395-A398-9D3AFF56937C}.Release|Any CPU.ActiveCfg = Release|Any CPU
		{C6BD479A-A446-4395-A398-9D3AFF56937C}.Release|Any CPU.Build.0 = Release|Any CPU
		{32577BD9-F29F-43DB-9FC5-8DD033782C52}.Debug|Any CPU.ActiveCfg = Debug|Any CPU
		{32577BD9-F29F-43DB-9FC5-8DD033782C52}.Debug|Any CPU.Build.0 = Debug|Any CPU
		{32577BD9-F29F-43DB-9FC5-8DD033782C52}.Release|Any CPU.ActiveCfg = Release|Any CPU
		{32577BD9-F29F-43DB-9FC5-8DD033782C52}.Release|Any CPU.Build.0 = Release|Any CPU
	EndGlobalSection
	GlobalSection(SolutionProperties) = preSolution
		HideSolutionNode = FALSE
	EndGlobalSection
	GlobalSection(ExtensibilityGlobals) = postSolution
		SolutionGuid = {209337EC-42AA-400E-A37B-66E64FC03D90}
	EndGlobalSection
EndGlobal
